
Microsoft Visual Studio Solution File, Format Version 12.00
# Visual Studio Version 16
VisualStudioVersion = 16.0.31702.278
MinimumVisualStudioVersion = 10.0.40219.1
Project("{2150E333-8FDC-42A3-9474-1A3956D46DE8}") = "src", "src", "{3138714E-A80D-46DA-A7D9-ABDCCD6EEEB1}"
EndProject
Project("{9A19103F-16F7-4668-BE54-9A1E7A4F7556}") = "Shapes", "src\Shapes\Shapes.csproj", "{73A67206-8C64-466F-A75A-2DC69895BA38}"
EndProject
Project("{9A19103F-16F7-4668-BE54-9A1E7A4F7556}") = "05.BasicSyntaxConditionalStatementsAndLoops", "src\05.BasicSyntaxConditionalStatementsAndLoops\05.BasicSyntaxConditionalStatementsAndLoops.csproj", "{0A2BF909-0D16-415F-A56C-4A46031356DF}"
EndProject
Project("{FAE04EC0-301F-11D3-BF4B-00C04F79EFBC}") = "06.BasicSyntaxConditionalStatementsAndLoops", "src\06.BasicSyntaxConditionalStatementsAndLoops\06.BasicSyntaxConditionalStatementsAndLoops.csproj", "{516B1022-18F4-4843-952C-D76E0E47B292}"
EndProject
Global
	GlobalSection(SolutionConfigurationPlatforms) = preSolution
		Debug|Any CPU = Debug|Any CPU
		Release|Any CPU = Release|Any CPU
	EndGlobalSection
	GlobalSection(ProjectConfigurationPlatforms) = postSolution
		{73A67206-8C64-466F-A75A-2DC69895BA38}.Debug|Any CPU.ActiveCfg = Debug|Any CPU
		{73A67206-8C64-466F-A75A-2DC69895BA38}.Debug|Any CPU.Build.0 = Debug|Any CPU
		{73A67206-8C64-466F-A75A-2DC69895BA38}.Release|Any CPU.ActiveCfg = Release|Any CPU
		{73A67206-8C64-466F-A75A-2DC69895BA38}.Release|Any CPU.Build.0 = Release|Any CPU
		{0A2BF909-0D16-415F-A56C-4A46031356DF}.Debug|Any CPU.ActiveCfg = Debug|Any CPU
		{0A2BF909-0D16-415F-A56C-4A46031356DF}.Debug|Any CPU.Build.0 = Debug|Any CPU
		{0A2BF909-0D16-415F-A56C-4A46031356DF}.Release|Any CPU.ActiveCfg = Release|Any CPU
		{0A2BF909-0D16-415F-A56C-4A46031356DF}.Release|Any CPU.Build.0 = Release|Any CPU
		{516B1022-18F4-4843-952C-D76E0E47B292}.Debug|Any CPU.ActiveCfg = Debug|Any CPU
		{516B1022-18F4-4843-952C-D76E0E47B292}.Debug|Any CPU.Build.0 = Debug|Any CPU
		{516B1022-18F4-4843-952C-D76E0E47B292}.Release|Any CPU.ActiveCfg = Release|Any CPU
		{516B1022-18F4-4843-952C-D76E0E47B292}.Release|Any CPU.Build.0 = Release|Any CPU
	EndGlobalSection
	GlobalSection(SolutionProperties) = preSolution
		HideSolutionNode = FALSE
	EndGlobalSection
	GlobalSection(NestedProjects) = preSolution
		{73A67206-8C64-466F-A75A-2DC69895BA38} = {3138714E-A80D-46DA-A7D9-ABDCCD6EEEB1}
		{0A2BF909-0D16-415F-A56C-4A46031356DF} = {3138714E-A80D-46DA-A7D9-ABDCCD6EEEB1}
		{516B1022-18F4-4843-952C-D76E0E47B292} = {3138714E-A80D-46DA-A7D9-ABDCCD6EEEB1}
	EndGlobalSection
	GlobalSection(ExtensibilityGlobals) = postSolution
		SolutionGuid = {57D7ADEE-5083-492B-B670-21FB91070F8F}
	EndGlobalSection
EndGlobal
