
Microsoft Visual Studio Solution File, Format Version 12.00
# Visual Studio Version 17
VisualStudioVersion = 17.0.32112.339
MinimumVisualStudioVersion = 10.0.40219.1
Project("{2150E333-8FDC-42A3-9474-1A3956D46DE8}") = "src", "src", "{3138714E-A80D-46DA-A7D9-ABDCCD6EEEB1}"
EndProject
Project("{9A19103F-16F7-4668-BE54-9A1E7A4F7556}") = "Shapes", "src\Shapes\Shapes.csproj", "{73A67206-8C64-466F-A75A-2DC69895BA38}"
EndProject
Project("{9A19103F-16F7-4668-BE54-9A1E7A4F7556}") = "05.BasicSyntaxConditionalStatementsAndLoops", "src\05.BasicSyntaxConditionalStatementsAndLoops\05.BasicSyntaxConditionalStatementsAndLoops.csproj", "{0A2BF909-0D16-415F-A56C-4A46031356DF}"
EndProject
Project("{9A19103F-16F7-4668-BE54-9A1E7A4F7556}") = "06.BasicSyntaxConditionalStatementsAndLoops", "src\06.BasicSyntaxConditionalStatementsAndLoops\06.BasicSyntaxConditionalStatementsAndLoops.csproj", "{516B1022-18F4-4843-952C-D76E0E47B292}"
EndProject
Project("{9A19103F-16F7-4668-BE54-9A1E7A4F7556}") = "08.DataTypesAndVariables", "src\08.DataTypesAndVariables\08.DataTypesAndVariables.csproj", "{94A3251F-1FCC-4DBE-B843-25FED0E06BEF}"
EndProject
Project("{9A19103F-16F7-4668-BE54-9A1E7A4F7556}") = "09.ExerciseDataTypesAndVariables", "src\09.ExerciseDataTypesAndVariables\09.ExerciseDataTypesAndVariables.csproj", "{DFA4F169-62C0-46EC-9F95-6D2F0F97A6DF}"
EndProject
Project("{2150E333-8FDC-42A3-9474-1A3956D46DE8}") = "20.MidExam", "20.MidExam", "{C1C416C1-A494-4604-908B-102E5888B46B}"
EndProject
Project("{2150E333-8FDC-42A3-9474-1A3956D46DE8}") = "25.Exercise_ AssociativeArrays", "25.Exercise_ AssociativeArrays", "{58ED8BCD-78EA-4A98-8996-EB2A9625D4CA}"
EndProject
Project("{9A19103F-16F7-4668-BE54-9A1E7A4F7556}") = "01.CountCharsInAString", "src\25.Exercise_ AssociativeArrays\01.CountCharsInAString\01.CountCharsInAString.csproj", "{09292D50-C51D-4772-A65F-9DA080448625}"
EndProject
Project("{FAE04EC0-301F-11D3-BF4B-00C04F79EFBC}") = "02.AMinerTask", "src\25.Exercise_ AssociativeArrays\02.AMinerTask\02.AMinerTask.csproj", "{508FEFF0-0BE4-4DB3-BF9B-3FF12AB7DC2A}"
EndProject
Project("{FAE04EC0-301F-11D3-BF4B-00C04F79EFBC}") = "03.LegendaryFarming", "src\25.Exercise_ AssociativeArrays\03.LegendaryFarming\03.LegendaryFarming.csproj", "{54362454-0D98-4979-9AD5-405C5B04FC4C}"
EndProject
Project("{FAE04EC0-301F-11D3-BF4B-00C04F79EFBC}") = "04.Orders", "src\25.Exercise_ AssociativeArrays\04.Orders\04.Orders.csproj", "{DA7D9A85-EC00-498F-A041-AAC27535D675}"
EndProject
Project("{FAE04EC0-301F-11D3-BF4B-00C04F79EFBC}") = "05.SoftUniParking", "src\25.Exercise_ AssociativeArrays\05.SoftUniParking\05.SoftUniParking.csproj", "{00F10904-D17A-48C9-994B-D7B4618CAD2A}"
EndProject
Project("{FAE04EC0-301F-11D3-BF4B-00C04F79EFBC}") = "06.Courses", "src\25.Exercise_ AssociativeArrays\06.Courses\06.Courses.csproj", "{972A7322-1FEC-4445-9361-0B2AB73011D6}"
EndProject
Project("{9A19103F-16F7-4668-BE54-9A1E7A4F7556}") = "03. School Library", "src\20.MidExam\03. School Library\03. School Library.csproj", "{06DFE07A-096E-41F4-802C-A92ADC71D1F0}"
EndProject
Project("{9A19103F-16F7-4668-BE54-9A1E7A4F7556}") = "02. Coffee Lover", "src\20.MidExam\02. Coffee Lover\02. Coffee Lover.csproj", "{5561FF1F-E97A-448D-8A4B-3EC8FBD29C70}"
EndProject
Project("{9A19103F-16F7-4668-BE54-9A1E7A4F7556}") = "01. Experience Gaining", "src\20.MidExam\01. Experience Gaining\01. Experience Gaining.csproj", "{B533CAEA-76D0-4674-A1D9-CEEB85B78B53}"
EndProject
Project("{FAE04EC0-301F-11D3-BF4B-00C04F79EFBC}") = "07.StudentAcademy", "src\25.Exercise_ AssociativeArrays\07.StudentAcademy\07.StudentAcademy.csproj", "{1983FD2F-6598-4E75-8C0C-2045A9591BE7}"
EndProject
Project("{FAE04EC0-301F-11D3-BF4B-00C04F79EFBC}") = "08.CompanyUsers", "08.CompanyUsers\08.CompanyUsers.csproj", "{BC65F61A-1CCD-4E5A-A56F-4D7F15C23AE8}"
EndProject
Global
	GlobalSection(SolutionConfigurationPlatforms) = preSolution
		Debug|Any CPU = Debug|Any CPU
		Release|Any CPU = Release|Any CPU
	EndGlobalSection
	GlobalSection(ProjectConfigurationPlatforms) = postSolution
		{73A67206-8C64-466F-A75A-2DC69895BA38}.Debug|Any CPU.ActiveCfg = Debug|Any CPU
		{73A67206-8C64-466F-A75A-2DC69895BA38}.Debug|Any CPU.Build.0 = Debug|Any CPU
		{73A67206-8C64-466F-A75A-2DC69895BA38}.Release|Any CPU.ActiveCfg = Release|Any CPU
		{73A67206-8C64-466F-A75A-2DC69895BA38}.Release|Any CPU.Build.0 = Release|Any CPU
		{0A2BF909-0D16-415F-A56C-4A46031356DF}.Debug|Any CPU.ActiveCfg = Debug|Any CPU
		{0A2BF909-0D16-415F-A56C-4A46031356DF}.Debug|Any CPU.Build.0 = Debug|Any CPU
		{0A2BF909-0D16-415F-A56C-4A46031356DF}.Release|Any CPU.ActiveCfg = Release|Any CPU
		{0A2BF909-0D16-415F-A56C-4A46031356DF}.Release|Any CPU.Build.0 = Release|Any CPU
		{516B1022-18F4-4843-952C-D76E0E47B292}.Debug|Any CPU.ActiveCfg = Debug|Any CPU
		{516B1022-18F4-4843-952C-D76E0E47B292}.Debug|Any CPU.Build.0 = Debug|Any CPU
		{516B1022-18F4-4843-952C-D76E0E47B292}.Release|Any CPU.ActiveCfg = Release|Any CPU
		{516B1022-18F4-4843-952C-D76E0E47B292}.Release|Any CPU.Build.0 = Release|Any CPU
		{94A3251F-1FCC-4DBE-B843-25FED0E06BEF}.Debug|Any CPU.ActiveCfg = Debug|Any CPU
		{94A3251F-1FCC-4DBE-B843-25FED0E06BEF}.Debug|Any CPU.Build.0 = Debug|Any CPU
		{94A3251F-1FCC-4DBE-B843-25FED0E06BEF}.Release|Any CPU.ActiveCfg = Release|Any CPU
		{94A3251F-1FCC-4DBE-B843-25FED0E06BEF}.Release|Any CPU.Build.0 = Release|Any CPU
		{DFA4F169-62C0-46EC-9F95-6D2F0F97A6DF}.Debug|Any CPU.ActiveCfg = Debug|Any CPU
		{DFA4F169-62C0-46EC-9F95-6D2F0F97A6DF}.Debug|Any CPU.Build.0 = Debug|Any CPU
		{DFA4F169-62C0-46EC-9F95-6D2F0F97A6DF}.Release|Any CPU.ActiveCfg = Release|Any CPU
		{DFA4F169-62C0-46EC-9F95-6D2F0F97A6DF}.Release|Any CPU.Build.0 = Release|Any CPU
		{09292D50-C51D-4772-A65F-9DA080448625}.Debug|Any CPU.ActiveCfg = Debug|Any CPU
		{09292D50-C51D-4772-A65F-9DA080448625}.Debug|Any CPU.Build.0 = Debug|Any CPU
		{09292D50-C51D-4772-A65F-9DA080448625}.Release|Any CPU.ActiveCfg = Release|Any CPU
		{09292D50-C51D-4772-A65F-9DA080448625}.Release|Any CPU.Build.0 = Release|Any CPU
		{508FEFF0-0BE4-4DB3-BF9B-3FF12AB7DC2A}.Debug|Any CPU.ActiveCfg = Debug|Any CPU
		{508FEFF0-0BE4-4DB3-BF9B-3FF12AB7DC2A}.Debug|Any CPU.Build.0 = Debug|Any CPU
		{508FEFF0-0BE4-4DB3-BF9B-3FF12AB7DC2A}.Release|Any CPU.ActiveCfg = Release|Any CPU
		{508FEFF0-0BE4-4DB3-BF9B-3FF12AB7DC2A}.Release|Any CPU.Build.0 = Release|Any CPU
		{54362454-0D98-4979-9AD5-405C5B04FC4C}.Debug|Any CPU.ActiveCfg = Debug|Any CPU
		{54362454-0D98-4979-9AD5-405C5B04FC4C}.Debug|Any CPU.Build.0 = Debug|Any CPU
		{54362454-0D98-4979-9AD5-405C5B04FC4C}.Release|Any CPU.ActiveCfg = Release|Any CPU
		{54362454-0D98-4979-9AD5-405C5B04FC4C}.Release|Any CPU.Build.0 = Release|Any CPU
		{DA7D9A85-EC00-498F-A041-AAC27535D675}.Debug|Any CPU.ActiveCfg = Debug|Any CPU
		{DA7D9A85-EC00-498F-A041-AAC27535D675}.Debug|Any CPU.Build.0 = Debug|Any CPU
		{DA7D9A85-EC00-498F-A041-AAC27535D675}.Release|Any CPU.ActiveCfg = Release|Any CPU
		{DA7D9A85-EC00-498F-A041-AAC27535D675}.Release|Any CPU.Build.0 = Release|Any CPU
		{00F10904-D17A-48C9-994B-D7B4618CAD2A}.Debug|Any CPU.ActiveCfg = Debug|Any CPU
		{00F10904-D17A-48C9-994B-D7B4618CAD2A}.Debug|Any CPU.Build.0 = Debug|Any CPU
		{00F10904-D17A-48C9-994B-D7B4618CAD2A}.Release|Any CPU.ActiveCfg = Release|Any CPU
		{00F10904-D17A-48C9-994B-D7B4618CAD2A}.Release|Any CPU.Build.0 = Release|Any CPU
		{972A7322-1FEC-4445-9361-0B2AB73011D6}.Debug|Any CPU.ActiveCfg = Debug|Any CPU
		{972A7322-1FEC-4445-9361-0B2AB73011D6}.Debug|Any CPU.Build.0 = Debug|Any CPU
		{972A7322-1FEC-4445-9361-0B2AB73011D6}.Release|Any CPU.ActiveCfg = Release|Any CPU
		{972A7322-1FEC-4445-9361-0B2AB73011D6}.Release|Any CPU.Build.0 = Release|Any CPU
		{06DFE07A-096E-41F4-802C-A92ADC71D1F0}.Debug|Any CPU.ActiveCfg = Debug|Any CPU
		{06DFE07A-096E-41F4-802C-A92ADC71D1F0}.Debug|Any CPU.Build.0 = Debug|Any CPU
		{06DFE07A-096E-41F4-802C-A92ADC71D1F0}.Release|Any CPU.ActiveCfg = Release|Any CPU
		{06DFE07A-096E-41F4-802C-A92ADC71D1F0}.Release|Any CPU.Build.0 = Release|Any CPU
		{5561FF1F-E97A-448D-8A4B-3EC8FBD29C70}.Debug|Any CPU.ActiveCfg = Debug|Any CPU
		{5561FF1F-E97A-448D-8A4B-3EC8FBD29C70}.Debug|Any CPU.Build.0 = Debug|Any CPU
		{5561FF1F-E97A-448D-8A4B-3EC8FBD29C70}.Release|Any CPU.ActiveCfg = Release|Any CPU
		{5561FF1F-E97A-448D-8A4B-3EC8FBD29C70}.Release|Any CPU.Build.0 = Release|Any CPU
		{B533CAEA-76D0-4674-A1D9-CEEB85B78B53}.Debug|Any CPU.ActiveCfg = Debug|Any CPU
		{B533CAEA-76D0-4674-A1D9-CEEB85B78B53}.Debug|Any CPU.Build.0 = Debug|Any CPU
		{B533CAEA-76D0-4674-A1D9-CEEB85B78B53}.Release|Any CPU.ActiveCfg = Release|Any CPU
		{B533CAEA-76D0-4674-A1D9-CEEB85B78B53}.Release|Any CPU.Build.0 = Release|Any CPU
		{1983FD2F-6598-4E75-8C0C-2045A9591BE7}.Debug|Any CPU.ActiveCfg = Debug|Any CPU
		{1983FD2F-6598-4E75-8C0C-2045A9591BE7}.Debug|Any CPU.Build.0 = Debug|Any CPU
		{1983FD2F-6598-4E75-8C0C-2045A9591BE7}.Release|Any CPU.ActiveCfg = Release|Any CPU
		{1983FD2F-6598-4E75-8C0C-2045A9591BE7}.Release|Any CPU.Build.0 = Release|Any CPU
		{BC65F61A-1CCD-4E5A-A56F-4D7F15C23AE8}.Debug|Any CPU.ActiveCfg = Debug|Any CPU
		{BC65F61A-1CCD-4E5A-A56F-4D7F15C23AE8}.Debug|Any CPU.Build.0 = Debug|Any CPU
		{BC65F61A-1CCD-4E5A-A56F-4D7F15C23AE8}.Release|Any CPU.ActiveCfg = Release|Any CPU
		{BC65F61A-1CCD-4E5A-A56F-4D7F15C23AE8}.Release|Any CPU.Build.0 = Release|Any CPU
	EndGlobalSection
	GlobalSection(SolutionProperties) = preSolution
		HideSolutionNode = FALSE
	EndGlobalSection
	GlobalSection(NestedProjects) = preSolution
		{73A67206-8C64-466F-A75A-2DC69895BA38} = {3138714E-A80D-46DA-A7D9-ABDCCD6EEEB1}
		{0A2BF909-0D16-415F-A56C-4A46031356DF} = {3138714E-A80D-46DA-A7D9-ABDCCD6EEEB1}
		{516B1022-18F4-4843-952C-D76E0E47B292} = {3138714E-A80D-46DA-A7D9-ABDCCD6EEEB1}
		{94A3251F-1FCC-4DBE-B843-25FED0E06BEF} = {3138714E-A80D-46DA-A7D9-ABDCCD6EEEB1}
		{DFA4F169-62C0-46EC-9F95-6D2F0F97A6DF} = {3138714E-A80D-46DA-A7D9-ABDCCD6EEEB1}
		{C1C416C1-A494-4604-908B-102E5888B46B} = {3138714E-A80D-46DA-A7D9-ABDCCD6EEEB1}
		{58ED8BCD-78EA-4A98-8996-EB2A9625D4CA} = {3138714E-A80D-46DA-A7D9-ABDCCD6EEEB1}
		{09292D50-C51D-4772-A65F-9DA080448625} = {58ED8BCD-78EA-4A98-8996-EB2A9625D4CA}
		{508FEFF0-0BE4-4DB3-BF9B-3FF12AB7DC2A} = {58ED8BCD-78EA-4A98-8996-EB2A9625D4CA}
		{54362454-0D98-4979-9AD5-405C5B04FC4C} = {58ED8BCD-78EA-4A98-8996-EB2A9625D4CA}
		{DA7D9A85-EC00-498F-A041-AAC27535D675} = {58ED8BCD-78EA-4A98-8996-EB2A9625D4CA}
		{00F10904-D17A-48C9-994B-D7B4618CAD2A} = {58ED8BCD-78EA-4A98-8996-EB2A9625D4CA}
		{972A7322-1FEC-4445-9361-0B2AB73011D6} = {58ED8BCD-78EA-4A98-8996-EB2A9625D4CA}
		{06DFE07A-096E-41F4-802C-A92ADC71D1F0} = {C1C416C1-A494-4604-908B-102E5888B46B}
		{5561FF1F-E97A-448D-8A4B-3EC8FBD29C70} = {C1C416C1-A494-4604-908B-102E5888B46B}
		{B533CAEA-76D0-4674-A1D9-CEEB85B78B53} = {C1C416C1-A494-4604-908B-102E5888B46B}
		{1983FD2F-6598-4E75-8C0C-2045A9591BE7} = {58ED8BCD-78EA-4A98-8996-EB2A9625D4CA}
		{BC65F61A-1CCD-4E5A-A56F-4D7F15C23AE8} = {58ED8BCD-78EA-4A98-8996-EB2A9625D4CA}
	EndGlobalSection
	GlobalSection(ExtensibilityGlobals) = postSolution
		SolutionGuid = {57D7ADEE-5083-492B-B670-21FB91070F8F}
	EndGlobalSection
EndGlobal
