
Microsoft Visual Studio Solution File, Format Version 12.00
# Visual Studio Version 17
VisualStudioVersion = 17.0.32112.339
MinimumVisualStudioVersion = 10.0.40219.1
Project("{2150E333-8FDC-42A3-9474-1A3956D46DE8}") = "src", "src", "{3138714E-A80D-46DA-A7D9-ABDCCD6EEEB1}"
EndProject
Project("{9A19103F-16F7-4668-BE54-9A1E7A4F7556}") = "Shapes", "src\Shapes\Shapes.csproj", "{73A67206-8C64-466F-A75A-2DC69895BA38}"
EndProject
Project("{9A19103F-16F7-4668-BE54-9A1E7A4F7556}") = "05.BasicSyntaxConditionalStatementsAndLoops", "src\05.BasicSyntaxConditionalStatementsAndLoops\05.BasicSyntaxConditionalStatementsAndLoops.csproj", "{0A2BF909-0D16-415F-A56C-4A46031356DF}"
EndProject
Project("{9A19103F-16F7-4668-BE54-9A1E7A4F7556}") = "06.BasicSyntaxConditionalStatementsAndLoops", "src\06.BasicSyntaxConditionalStatementsAndLoops\06.BasicSyntaxConditionalStatementsAndLoops.csproj", "{516B1022-18F4-4843-952C-D76E0E47B292}"
EndProject
Project("{9A19103F-16F7-4668-BE54-9A1E7A4F7556}") = "08.DataTypesAndVariables", "src\08.DataTypesAndVariables\08.DataTypesAndVariables.csproj", "{94A3251F-1FCC-4DBE-B843-25FED0E06BEF}"
EndProject
Project("{9A19103F-16F7-4668-BE54-9A1E7A4F7556}") = "09.ExerciseDataTypesAndVariables", "src\09.ExerciseDataTypesAndVariables\09.ExerciseDataTypesAndVariables.csproj", "{DFA4F169-62C0-46EC-9F95-6D2F0F97A6DF}"
EndProject
Project("{2150E333-8FDC-42A3-9474-1A3956D46DE8}") = "20.MidExam", "20.MidExam", "{C1C416C1-A494-4604-908B-102E5888B46B}"
EndProject
Project("{2150E333-8FDC-42A3-9474-1A3956D46DE8}") = "25.Exercise_ AssociativeArrays", "25.Exercise_ AssociativeArrays", "{58ED8BCD-78EA-4A98-8996-EB2A9625D4CA}"
EndProject
Project("{9A19103F-16F7-4668-BE54-9A1E7A4F7556}") = "01.CountCharsInAString", "src\25.Exercise_ AssociativeArrays\01.CountCharsInAString\01.CountCharsInAString.csproj", "{09292D50-C51D-4772-A65F-9DA080448625}"
EndProject
Project("{9A19103F-16F7-4668-BE54-9A1E7A4F7556}") = "02.AMinerTask", "src\25.Exercise_ AssociativeArrays\02.AMinerTask\02.AMinerTask.csproj", "{508FEFF0-0BE4-4DB3-BF9B-3FF12AB7DC2A}"
EndProject
Project("{9A19103F-16F7-4668-BE54-9A1E7A4F7556}") = "03.LegendaryFarming", "src\25.Exercise_ AssociativeArrays\03.LegendaryFarming\03.LegendaryFarming.csproj", "{54362454-0D98-4979-9AD5-405C5B04FC4C}"
EndProject
Project("{9A19103F-16F7-4668-BE54-9A1E7A4F7556}") = "04.Orders", "src\25.Exercise_ AssociativeArrays\04.Orders\04.Orders.csproj", "{DA7D9A85-EC00-498F-A041-AAC27535D675}"
EndProject
Project("{9A19103F-16F7-4668-BE54-9A1E7A4F7556}") = "05.SoftUniParking", "src\25.Exercise_ AssociativeArrays\05.SoftUniParking\05.SoftUniParking.csproj", "{00F10904-D17A-48C9-994B-D7B4618CAD2A}"
EndProject
Project("{9A19103F-16F7-4668-BE54-9A1E7A4F7556}") = "06.Courses", "src\25.Exercise_ AssociativeArrays\06.Courses\06.Courses.csproj", "{972A7322-1FEC-4445-9361-0B2AB73011D6}"
EndProject
Project("{9A19103F-16F7-4668-BE54-9A1E7A4F7556}") = "03. School Library", "src\20.MidExam\03. School Library\03. School Library.csproj", "{06DFE07A-096E-41F4-802C-A92ADC71D1F0}"
EndProject
Project("{9A19103F-16F7-4668-BE54-9A1E7A4F7556}") = "02. Coffee Lover", "src\20.MidExam\02. Coffee Lover\02. Coffee Lover.csproj", "{5561FF1F-E97A-448D-8A4B-3EC8FBD29C70}"
EndProject
Project("{9A19103F-16F7-4668-BE54-9A1E7A4F7556}") = "01. Experience Gaining", "src\20.MidExam\01. Experience Gaining\01. Experience Gaining.csproj", "{B533CAEA-76D0-4674-A1D9-CEEB85B78B53}"
EndProject
Project("{9A19103F-16F7-4668-BE54-9A1E7A4F7556}") = "07.StudentAcademy", "src\25.Exercise_ AssociativeArrays\07.StudentAcademy\07.StudentAcademy.csproj", "{1983FD2F-6598-4E75-8C0C-2045A9591BE7}"
EndProject
Project("{2150E333-8FDC-42A3-9474-1A3956D46DE8}") = "22.Exercise_ObjectsAndClasses", "22.Exercise_ObjectsAndClasses", "{25FB00A4-92C7-4397-B7DF-0CBEA404B8DD}"
EndProject
Project("{9A19103F-16F7-4668-BE54-9A1E7A4F7556}") = "01.AdvertisementMessage", "src\22.Exercise_ObjectsAndClasses\01.AdvertisementMessage\01.AdvertisementMessage.csproj", "{4960D198-9CAA-4755-A680-C8CAF0FD53E9}"
EndProject
Project("{9A19103F-16F7-4668-BE54-9A1E7A4F7556}") = "02.Articles", "src\22.Exercise_ObjectsAndClasses\02.Articles\02.Articles.csproj", "{13C3D1A6-8DE9-4701-A23F-3DA9D065B281}"
EndProject
Project("{9A19103F-16F7-4668-BE54-9A1E7A4F7556}") = "08.CompanyUsers", "src\25.Exercise_ AssociativeArrays\08.CompanyUsers\08.CompanyUsers.csproj", "{FD1108F7-0DB6-4D4E-A0FF-A991F660489E}"
EndProject
Project("{9A19103F-16F7-4668-BE54-9A1E7A4F7556}") = "03.Articles2.0", "src\22.Exercise_ObjectsAndClasses\03.Articles2.0\03.Articles2.0.csproj", "{09304049-8D29-4F5A-B66E-22E0088E3009}"
EndProject
Project("{9A19103F-16F7-4668-BE54-9A1E7A4F7556}") = "04.Students", "src\22.Exercise_ObjectsAndClasses\04.Students\04.Students.csproj", "{950AA71D-FF86-4B06-A0F6-0AEEF0DB58AB}"
EndProject
Project("{9A19103F-16F7-4668-BE54-9A1E7A4F7556}") = "05.TeamworkProjects", "src\22.Exercise_ObjectsAndClasses\05.TeamworkProjects\05.TeamworkProjects.csproj", "{0F1683B4-6BE9-4E3D-8DD3-A423054C0C77}"
EndProject
Project("{9A19103F-16F7-4668-BE54-9A1E7A4F7556}") = "06.VehicleCatalogue", "src\22.Exercise_ObjectsAndClasses\06.VehicleCatalogue\06.VehicleCatalogue.csproj", "{B38EFEE5-AC56-44BE-AAEE-D830F1380161}"
EndProject
Project("{9A19103F-16F7-4668-BE54-9A1E7A4F7556}") = "07.OrderByAge", "src\22.Exercise_ObjectsAndClasses\07.OrderByAge\07.OrderByAge.csproj", "{F4B2D2AF-D069-4438-B006-6FA5F184E22E}"
EndProject
Project("{2150E333-8FDC-42A3-9474-1A3956D46DE8}") = "09.Exercise_DataTypesAndVariables", "09.Exercise_DataTypesAndVariables", "{1C89E7D4-B04C-49BF-98A6-34029E9EAD66}"
EndProject
Project("{2150E333-8FDC-42A3-9474-1A3956D46DE8}") = "12.Exercise_Arrays", "12.Exercise_Arrays", "{54A069BA-41C9-40A9-8246-98C072A281D5}"
EndProject
Project("{9A19103F-16F7-4668-BE54-9A1E7A4F7556}") = "01.Train", "src\12.Exercise _Arrays\01.Train\01.Train.csproj", "{6388A3BA-C79F-403E-9F44-D17C260FB8B2}"
EndProject
Project("{9A19103F-16F7-4668-BE54-9A1E7A4F7556}") = "02.CommonElements", "src\12.Exercise _Arrays\02.CommonElements\02.CommonElements.csproj", "{37502EE6-AE37-47C5-BEBA-E36FC3B308B9}"
EndProject
Project("{9A19103F-16F7-4668-BE54-9A1E7A4F7556}") = "03.Zig-ZagArrays", "src\12.Exercise _Arrays\03.Zig-ZagArrays\03.Zig-ZagArrays.csproj", "{5F2AF42A-7665-4675-9100-417F5F4B3D00}"
EndProject
Project("{9A19103F-16F7-4668-BE54-9A1E7A4F7556}") = "04.ArrayRotation", "src\12.Exercise _Arrays\04.ArrayRotation\04.ArrayRotation.csproj", "{489E8A59-9079-42AD-854D-DF9B1EE4D4C6}"
EndProject
Project("{9A19103F-16F7-4668-BE54-9A1E7A4F7556}") = "05.TopIntegers", "src\12.Exercise _Arrays\05.TopIntegers\05.TopIntegers.csproj", "{793F9FC1-B2DE-4F17-96CB-9E7B4F4D829A}"
EndProject
Project("{9A19103F-16F7-4668-BE54-9A1E7A4F7556}") = "06.EqualSums", "src\12.Exercise _Arrays\06.EqualSums\06.EqualSums.csproj", "{825023C6-98A0-4768-968B-A9958C1A2B10}"
EndProject
Project("{9A19103F-16F7-4668-BE54-9A1E7A4F7556}") = "07.MaxSequenceOfEqualElements", "src\12.Exercise _Arrays\07.MaxSequenceOfEqualElements\07.MaxSequenceOfEqualElements.csproj", "{A42E5990-407A-42BD-965D-321A6761AD67}"
EndProject
Project("{9A19103F-16F7-4668-BE54-9A1E7A4F7556}") = "08.MagicSum", "src\12.Exercise _Arrays\08.MagicSum\08.MagicSum.csproj", "{AD937AE8-29FA-4932-BDF1-BC826253C715}"
EndProject
Project("{9A19103F-16F7-4668-BE54-9A1E7A4F7556}") = "01.SmallestOfThreeNumbers", "src\15.Exercise_Methods\01.SmallestOfThreeNumbers\01.SmallestOfThreeNumbers.csproj", "{D9E896C8-6BE1-4A9E-8D66-4037FDE6CCCC}"
EndProject
Project("{2150E333-8FDC-42A3-9474-1A3956D46DE8}") = "15.Exercise_Methods", "15.Exercise_Methods", "{AE81F7ED-540E-449B-8546-B4AC4453F330}"
EndProject
Project("{9A19103F-16F7-4668-BE54-9A1E7A4F7556}") = "02.VowelsCount", "src\15.Exercise_Methods\02.VowelsCount\02.VowelsCount.csproj", "{7B7964E4-49BF-42CC-8644-5C3571A953E9}"
EndProject
Project("{9A19103F-16F7-4668-BE54-9A1E7A4F7556}") = "03.CharactersInRange", "src\15.Exercise_Methods\03.CharactersInRange\03.CharactersInRange.csproj", "{454C37DD-3E70-4A1E-8798-D62A3F84F53F}"
EndProject
Project("{9A19103F-16F7-4668-BE54-9A1E7A4F7556}") = "04.PasswordValidator", "src\15.Exercise_Methods\04.PasswordValidator\04.PasswordValidator.csproj", "{C944A6F0-CE45-4E0B-A1DD-312E7260A1C6}"
EndProject
Project("{9A19103F-16F7-4668-BE54-9A1E7A4F7556}") = "05.AddAndSubtract", "src\15.Exercise_Methods\05.AddAndSubtract\05.AddAndSubtract.csproj", "{32D0547B-70BC-499C-A7F0-151746E307E5}"
EndProject
Project("{9A19103F-16F7-4668-BE54-9A1E7A4F7556}") = "06.MiddleCharacters", "src\15.Exercise_Methods\06.MiddleCharacters\06.MiddleCharacters.csproj", "{A8AC50C1-C2B1-4A37-9565-58F6661591CC}"
EndProject
Project("{9A19103F-16F7-4668-BE54-9A1E7A4F7556}") = "07.NxNMatrix", "src\15.Exercise_Methods\07.NxNMatrix\07.NxNMatrix.csproj", "{115E1A60-ABF6-4576-9FD6-2BCFD27440B8}"
EndProject
Project("{9A19103F-16F7-4668-BE54-9A1E7A4F7556}") = "08.FactorialDivision", "src\15.Exercise_Methods\08.FactorialDivision\08.FactorialDivision.csproj", "{1EF1351A-A333-41A7-939C-2654C2C386A5}"
EndProject
Project("{9A19103F-16F7-4668-BE54-9A1E7A4F7556}") = "09.PalindromeIntegers", "src\15.Exercise_Methods\09.PalindromeIntegers\09.PalindromeIntegers.csproj", "{A69BE100-4D1E-4CC8-BEE4-5D6B3DF8CABC}"
EndProject
Project("{9A19103F-16F7-4668-BE54-9A1E7A4F7556}") = "10.TopNumber", "src\15.Exercise_Methods\10.TopNumber\10.TopNumber.csproj", "{F9A9F265-4B54-4299-9121-44A8CB5B6CE0}"
EndProject
Project("{2150E333-8FDC-42A3-9474-1A3956D46DE8}") = "18.Exercise_List", "18.Exercise_List", "{F5947850-8032-435B-99F6-7301FD8CC151}"
EndProject
Project("{9A19103F-16F7-4668-BE54-9A1E7A4F7556}") = "01.Train", "src\18.Exercise_List\01.Train\01.Train.csproj", "{1C844488-BBFB-4A9C-95B0-1762DE73DE07}"
EndProject
Project("{9A19103F-16F7-4668-BE54-9A1E7A4F7556}") = "02.ChangeList", "src\18.Exercise_List\02.ChangeList\02.ChangeList.csproj", "{292A7C14-4967-4311-A98F-55D58305C473}"
EndProject
Project("{9A19103F-16F7-4668-BE54-9A1E7A4F7556}") = "03.HouseParty", "src\18.Exercise_List\03.HouseParty\03.HouseParty.csproj", "{14894D66-3C7F-4DDB-A7E0-C3A35F65D19A}"
EndProject
Project("{9A19103F-16F7-4668-BE54-9A1E7A4F7556}") = "04.ListOperations", "src\18.Exercise_List\04.ListOperations\04.ListOperations.csproj", "{E891CAF8-A96D-45BA-8946-158474856F34}"
EndProject
Project("{9A19103F-16F7-4668-BE54-9A1E7A4F7556}") = "05.BombNumbers", "src\18.Exercise_List\05.BombNumbers\05.BombNumbers.csproj", "{99EF86FE-0574-4B6C-892D-F7072322900F}"
EndProject
Project("{9A19103F-16F7-4668-BE54-9A1E7A4F7556}") = "06.CardsGame", "src\18.Exercise_List\06.CardsGame\06.CardsGame.csproj", "{8B18E792-3CB9-47F1-BE49-272903908EBB}"
EndProject
Project("{9A19103F-16F7-4668-BE54-9A1E7A4F7556}") = "07.Append Arrays", "src\18.Exercise_List\07.Append Arrays\07.Append Arrays.csproj", "{C7BD75BC-7A1E-4709-A106-DAC90CB2B28E}"
EndProject
Project("{2150E333-8FDC-42A3-9474-1A3956D46DE8}") = "28.Exercise_TextProcessing", "28.Exercise_TextProcessing", "{59B73246-679C-40C8-81B2-7F340BEE2EE1}"
EndProject
Project("{9A19103F-16F7-4668-BE54-9A1E7A4F7556}") = "01.ValidUsernames", "src\28.Exercise_TextProcessing\01.ValidUsernames\01.ValidUsernames.csproj", "{76B1941F-D1EA-46A0-B49F-9B27C57A214C}"
EndProject
Project("{9A19103F-16F7-4668-BE54-9A1E7A4F7556}") = "02.CharacterMultiplier", "src\28.Exercise_TextProcessing\02.CharacterMultiplier\02.CharacterMultiplier.csproj", "{41926CA7-8873-48EF-9179-053D43967EF0}"
EndProject
Project("{9A19103F-16F7-4668-BE54-9A1E7A4F7556}") = "03.ExtractFile", "src\28.Exercise_TextProcessing\03.ExtractFile\03.ExtractFile.csproj", "{0D896C9B-18F9-4D32-835E-E6B87B6E8436}"
EndProject
Project("{9A19103F-16F7-4668-BE54-9A1E7A4F7556}") = "04.CaesarCipher", "src\28.Exercise_TextProcessing\04.CaesarCipher\04.CaesarCipher.csproj", "{AAB346D0-633D-44FE-8103-0C92E0DFCD0E}"
EndProject
Project("{9A19103F-16F7-4668-BE54-9A1E7A4F7556}") = "05.MultiplyBigNumber", "src\28.Exercise_TextProcessing\05.MultiplyBigNumber\05.MultiplyBigNumber.csproj", "{C4DCFDB5-9486-47CC-A533-3301EC026A0D}"
EndProject
Project("{9A19103F-16F7-4668-BE54-9A1E7A4F7556}") = "06.ReplaceRepeatingChars", "src\28.Exercise_TextProcessing\06.ReplaceRepeatingChars\06.ReplaceRepeatingChars.csproj", "{DE6A1942-5A14-412D-B083-F54AF2748A4E}"
EndProject
Project("{9A19103F-16F7-4668-BE54-9A1E7A4F7556}") = "07.StringExplosion", "src\28.Exercise_TextProcessing\07.StringExplosion\07.StringExplosion.csproj", "{F0061A17-4558-4931-8D04-46D2BB8608C6}"
EndProject
Project("{2150E333-8FDC-42A3-9474-1A3956D46DE8}") = "37.PracticalExam", "37.PracticalExam", "{515FBBEB-AB13-4870-8BC7-DB1B7F9C6B09}"
EndProject
Project("{FAE04EC0-301F-11D3-BF4B-00C04F79EFBC}") = "02.MessageTranslator", "src\37.PracticalExam\02.MessageTranslator\02.MessageTranslator.csproj", "{27BD44A4-BEC7-4078-AD54-E71DD318A444}"
EndProject
Project("{FAE04EC0-301F-11D3-BF4B-00C04F79EFBC}") = "03.WildZoo", "src\37.PracticalExam\03.WildZoo\03.WildZoo.csproj", "{E4A033B0-6371-4E65-BCBA-F1109F6819E1}"
EndProject
Project("{9A19103F-16F7-4668-BE54-9A1E7A4F7556}") = "01.Hogwarts", "src\37.PracticalExam\01.Hogwarts\01.Hogwarts.csproj", "{027318C0-3985-430A-8FA1-BA8172A66E3B}"
EndProject
Global
	GlobalSection(SolutionConfigurationPlatforms) = preSolution
		Debug|Any CPU = Debug|Any CPU
		Release|Any CPU = Release|Any CPU
	EndGlobalSection
	GlobalSection(ProjectConfigurationPlatforms) = postSolution
		{73A67206-8C64-466F-A75A-2DC69895BA38}.Debug|Any CPU.ActiveCfg = Debug|Any CPU
		{73A67206-8C64-466F-A75A-2DC69895BA38}.Debug|Any CPU.Build.0 = Debug|Any CPU
		{73A67206-8C64-466F-A75A-2DC69895BA38}.Release|Any CPU.ActiveCfg = Release|Any CPU
		{73A67206-8C64-466F-A75A-2DC69895BA38}.Release|Any CPU.Build.0 = Release|Any CPU
		{0A2BF909-0D16-415F-A56C-4A46031356DF}.Debug|Any CPU.ActiveCfg = Debug|Any CPU
		{0A2BF909-0D16-415F-A56C-4A46031356DF}.Debug|Any CPU.Build.0 = Debug|Any CPU
		{0A2BF909-0D16-415F-A56C-4A46031356DF}.Release|Any CPU.ActiveCfg = Release|Any CPU
		{0A2BF909-0D16-415F-A56C-4A46031356DF}.Release|Any CPU.Build.0 = Release|Any CPU
		{516B1022-18F4-4843-952C-D76E0E47B292}.Debug|Any CPU.ActiveCfg = Debug|Any CPU
		{516B1022-18F4-4843-952C-D76E0E47B292}.Debug|Any CPU.Build.0 = Debug|Any CPU
		{516B1022-18F4-4843-952C-D76E0E47B292}.Release|Any CPU.ActiveCfg = Release|Any CPU
		{516B1022-18F4-4843-952C-D76E0E47B292}.Release|Any CPU.Build.0 = Release|Any CPU
		{94A3251F-1FCC-4DBE-B843-25FED0E06BEF}.Debug|Any CPU.ActiveCfg = Debug|Any CPU
		{94A3251F-1FCC-4DBE-B843-25FED0E06BEF}.Debug|Any CPU.Build.0 = Debug|Any CPU
		{94A3251F-1FCC-4DBE-B843-25FED0E06BEF}.Release|Any CPU.ActiveCfg = Release|Any CPU
		{94A3251F-1FCC-4DBE-B843-25FED0E06BEF}.Release|Any CPU.Build.0 = Release|Any CPU
		{DFA4F169-62C0-46EC-9F95-6D2F0F97A6DF}.Debug|Any CPU.ActiveCfg = Debug|Any CPU
		{DFA4F169-62C0-46EC-9F95-6D2F0F97A6DF}.Debug|Any CPU.Build.0 = Debug|Any CPU
		{DFA4F169-62C0-46EC-9F95-6D2F0F97A6DF}.Release|Any CPU.ActiveCfg = Release|Any CPU
		{DFA4F169-62C0-46EC-9F95-6D2F0F97A6DF}.Release|Any CPU.Build.0 = Release|Any CPU
		{09292D50-C51D-4772-A65F-9DA080448625}.Debug|Any CPU.ActiveCfg = Debug|Any CPU
		{09292D50-C51D-4772-A65F-9DA080448625}.Debug|Any CPU.Build.0 = Debug|Any CPU
		{09292D50-C51D-4772-A65F-9DA080448625}.Release|Any CPU.ActiveCfg = Release|Any CPU
		{09292D50-C51D-4772-A65F-9DA080448625}.Release|Any CPU.Build.0 = Release|Any CPU
		{508FEFF0-0BE4-4DB3-BF9B-3FF12AB7DC2A}.Debug|Any CPU.ActiveCfg = Debug|Any CPU
		{508FEFF0-0BE4-4DB3-BF9B-3FF12AB7DC2A}.Debug|Any CPU.Build.0 = Debug|Any CPU
		{508FEFF0-0BE4-4DB3-BF9B-3FF12AB7DC2A}.Release|Any CPU.ActiveCfg = Release|Any CPU
		{508FEFF0-0BE4-4DB3-BF9B-3FF12AB7DC2A}.Release|Any CPU.Build.0 = Release|Any CPU
		{54362454-0D98-4979-9AD5-405C5B04FC4C}.Debug|Any CPU.ActiveCfg = Debug|Any CPU
		{54362454-0D98-4979-9AD5-405C5B04FC4C}.Debug|Any CPU.Build.0 = Debug|Any CPU
		{54362454-0D98-4979-9AD5-405C5B04FC4C}.Release|Any CPU.ActiveCfg = Release|Any CPU
		{54362454-0D98-4979-9AD5-405C5B04FC4C}.Release|Any CPU.Build.0 = Release|Any CPU
		{DA7D9A85-EC00-498F-A041-AAC27535D675}.Debug|Any CPU.ActiveCfg = Debug|Any CPU
		{DA7D9A85-EC00-498F-A041-AAC27535D675}.Debug|Any CPU.Build.0 = Debug|Any CPU
		{DA7D9A85-EC00-498F-A041-AAC27535D675}.Release|Any CPU.ActiveCfg = Release|Any CPU
		{DA7D9A85-EC00-498F-A041-AAC27535D675}.Release|Any CPU.Build.0 = Release|Any CPU
		{00F10904-D17A-48C9-994B-D7B4618CAD2A}.Debug|Any CPU.ActiveCfg = Debug|Any CPU
		{00F10904-D17A-48C9-994B-D7B4618CAD2A}.Debug|Any CPU.Build.0 = Debug|Any CPU
		{00F10904-D17A-48C9-994B-D7B4618CAD2A}.Release|Any CPU.ActiveCfg = Release|Any CPU
		{00F10904-D17A-48C9-994B-D7B4618CAD2A}.Release|Any CPU.Build.0 = Release|Any CPU
		{972A7322-1FEC-4445-9361-0B2AB73011D6}.Debug|Any CPU.ActiveCfg = Debug|Any CPU
		{972A7322-1FEC-4445-9361-0B2AB73011D6}.Debug|Any CPU.Build.0 = Debug|Any CPU
		{972A7322-1FEC-4445-9361-0B2AB73011D6}.Release|Any CPU.ActiveCfg = Release|Any CPU
		{972A7322-1FEC-4445-9361-0B2AB73011D6}.Release|Any CPU.Build.0 = Release|Any CPU
		{06DFE07A-096E-41F4-802C-A92ADC71D1F0}.Debug|Any CPU.ActiveCfg = Debug|Any CPU
		{06DFE07A-096E-41F4-802C-A92ADC71D1F0}.Debug|Any CPU.Build.0 = Debug|Any CPU
		{06DFE07A-096E-41F4-802C-A92ADC71D1F0}.Release|Any CPU.ActiveCfg = Release|Any CPU
		{06DFE07A-096E-41F4-802C-A92ADC71D1F0}.Release|Any CPU.Build.0 = Release|Any CPU
		{5561FF1F-E97A-448D-8A4B-3EC8FBD29C70}.Debug|Any CPU.ActiveCfg = Debug|Any CPU
		{5561FF1F-E97A-448D-8A4B-3EC8FBD29C70}.Debug|Any CPU.Build.0 = Debug|Any CPU
		{5561FF1F-E97A-448D-8A4B-3EC8FBD29C70}.Release|Any CPU.ActiveCfg = Release|Any CPU
		{5561FF1F-E97A-448D-8A4B-3EC8FBD29C70}.Release|Any CPU.Build.0 = Release|Any CPU
		{B533CAEA-76D0-4674-A1D9-CEEB85B78B53}.Debug|Any CPU.ActiveCfg = Debug|Any CPU
		{B533CAEA-76D0-4674-A1D9-CEEB85B78B53}.Debug|Any CPU.Build.0 = Debug|Any CPU
		{B533CAEA-76D0-4674-A1D9-CEEB85B78B53}.Release|Any CPU.ActiveCfg = Release|Any CPU
		{B533CAEA-76D0-4674-A1D9-CEEB85B78B53}.Release|Any CPU.Build.0 = Release|Any CPU
		{1983FD2F-6598-4E75-8C0C-2045A9591BE7}.Debug|Any CPU.ActiveCfg = Debug|Any CPU
		{1983FD2F-6598-4E75-8C0C-2045A9591BE7}.Debug|Any CPU.Build.0 = Debug|Any CPU
		{1983FD2F-6598-4E75-8C0C-2045A9591BE7}.Release|Any CPU.ActiveCfg = Release|Any CPU
		{1983FD2F-6598-4E75-8C0C-2045A9591BE7}.Release|Any CPU.Build.0 = Release|Any CPU
		{4960D198-9CAA-4755-A680-C8CAF0FD53E9}.Debug|Any CPU.ActiveCfg = Debug|Any CPU
		{4960D198-9CAA-4755-A680-C8CAF0FD53E9}.Debug|Any CPU.Build.0 = Debug|Any CPU
		{4960D198-9CAA-4755-A680-C8CAF0FD53E9}.Release|Any CPU.ActiveCfg = Release|Any CPU
		{4960D198-9CAA-4755-A680-C8CAF0FD53E9}.Release|Any CPU.Build.0 = Release|Any CPU
		{13C3D1A6-8DE9-4701-A23F-3DA9D065B281}.Debug|Any CPU.ActiveCfg = Debug|Any CPU
		{13C3D1A6-8DE9-4701-A23F-3DA9D065B281}.Debug|Any CPU.Build.0 = Debug|Any CPU
		{13C3D1A6-8DE9-4701-A23F-3DA9D065B281}.Release|Any CPU.ActiveCfg = Release|Any CPU
		{13C3D1A6-8DE9-4701-A23F-3DA9D065B281}.Release|Any CPU.Build.0 = Release|Any CPU
		{FD1108F7-0DB6-4D4E-A0FF-A991F660489E}.Debug|Any CPU.ActiveCfg = Debug|Any CPU
		{FD1108F7-0DB6-4D4E-A0FF-A991F660489E}.Debug|Any CPU.Build.0 = Debug|Any CPU
		{FD1108F7-0DB6-4D4E-A0FF-A991F660489E}.Release|Any CPU.ActiveCfg = Release|Any CPU
		{FD1108F7-0DB6-4D4E-A0FF-A991F660489E}.Release|Any CPU.Build.0 = Release|Any CPU
		{09304049-8D29-4F5A-B66E-22E0088E3009}.Debug|Any CPU.ActiveCfg = Debug|Any CPU
		{09304049-8D29-4F5A-B66E-22E0088E3009}.Debug|Any CPU.Build.0 = Debug|Any CPU
		{09304049-8D29-4F5A-B66E-22E0088E3009}.Release|Any CPU.ActiveCfg = Release|Any CPU
		{09304049-8D29-4F5A-B66E-22E0088E3009}.Release|Any CPU.Build.0 = Release|Any CPU
		{950AA71D-FF86-4B06-A0F6-0AEEF0DB58AB}.Debug|Any CPU.ActiveCfg = Debug|Any CPU
		{950AA71D-FF86-4B06-A0F6-0AEEF0DB58AB}.Debug|Any CPU.Build.0 = Debug|Any CPU
		{950AA71D-FF86-4B06-A0F6-0AEEF0DB58AB}.Release|Any CPU.ActiveCfg = Release|Any CPU
		{950AA71D-FF86-4B06-A0F6-0AEEF0DB58AB}.Release|Any CPU.Build.0 = Release|Any CPU
		{0F1683B4-6BE9-4E3D-8DD3-A423054C0C77}.Debug|Any CPU.ActiveCfg = Debug|Any CPU
		{0F1683B4-6BE9-4E3D-8DD3-A423054C0C77}.Debug|Any CPU.Build.0 = Debug|Any CPU
		{0F1683B4-6BE9-4E3D-8DD3-A423054C0C77}.Release|Any CPU.ActiveCfg = Release|Any CPU
		{0F1683B4-6BE9-4E3D-8DD3-A423054C0C77}.Release|Any CPU.Build.0 = Release|Any CPU
		{B38EFEE5-AC56-44BE-AAEE-D830F1380161}.Debug|Any CPU.ActiveCfg = Debug|Any CPU
		{B38EFEE5-AC56-44BE-AAEE-D830F1380161}.Debug|Any CPU.Build.0 = Debug|Any CPU
		{B38EFEE5-AC56-44BE-AAEE-D830F1380161}.Release|Any CPU.ActiveCfg = Release|Any CPU
		{B38EFEE5-AC56-44BE-AAEE-D830F1380161}.Release|Any CPU.Build.0 = Release|Any CPU
		{F4B2D2AF-D069-4438-B006-6FA5F184E22E}.Debug|Any CPU.ActiveCfg = Debug|Any CPU
		{F4B2D2AF-D069-4438-B006-6FA5F184E22E}.Debug|Any CPU.Build.0 = Debug|Any CPU
		{F4B2D2AF-D069-4438-B006-6FA5F184E22E}.Release|Any CPU.ActiveCfg = Release|Any CPU
		{F4B2D2AF-D069-4438-B006-6FA5F184E22E}.Release|Any CPU.Build.0 = Release|Any CPU
		{6388A3BA-C79F-403E-9F44-D17C260FB8B2}.Debug|Any CPU.ActiveCfg = Debug|Any CPU
		{6388A3BA-C79F-403E-9F44-D17C260FB8B2}.Debug|Any CPU.Build.0 = Debug|Any CPU
		{6388A3BA-C79F-403E-9F44-D17C260FB8B2}.Release|Any CPU.ActiveCfg = Release|Any CPU
		{6388A3BA-C79F-403E-9F44-D17C260FB8B2}.Release|Any CPU.Build.0 = Release|Any CPU
		{37502EE6-AE37-47C5-BEBA-E36FC3B308B9}.Debug|Any CPU.ActiveCfg = Debug|Any CPU
		{37502EE6-AE37-47C5-BEBA-E36FC3B308B9}.Debug|Any CPU.Build.0 = Debug|Any CPU
		{37502EE6-AE37-47C5-BEBA-E36FC3B308B9}.Release|Any CPU.ActiveCfg = Release|Any CPU
		{37502EE6-AE37-47C5-BEBA-E36FC3B308B9}.Release|Any CPU.Build.0 = Release|Any CPU
		{5F2AF42A-7665-4675-9100-417F5F4B3D00}.Debug|Any CPU.ActiveCfg = Debug|Any CPU
		{5F2AF42A-7665-4675-9100-417F5F4B3D00}.Debug|Any CPU.Build.0 = Debug|Any CPU
		{5F2AF42A-7665-4675-9100-417F5F4B3D00}.Release|Any CPU.ActiveCfg = Release|Any CPU
		{5F2AF42A-7665-4675-9100-417F5F4B3D00}.Release|Any CPU.Build.0 = Release|Any CPU
		{489E8A59-9079-42AD-854D-DF9B1EE4D4C6}.Debug|Any CPU.ActiveCfg = Debug|Any CPU
		{489E8A59-9079-42AD-854D-DF9B1EE4D4C6}.Debug|Any CPU.Build.0 = Debug|Any CPU
		{489E8A59-9079-42AD-854D-DF9B1EE4D4C6}.Release|Any CPU.ActiveCfg = Release|Any CPU
		{489E8A59-9079-42AD-854D-DF9B1EE4D4C6}.Release|Any CPU.Build.0 = Release|Any CPU
		{793F9FC1-B2DE-4F17-96CB-9E7B4F4D829A}.Debug|Any CPU.ActiveCfg = Debug|Any CPU
		{793F9FC1-B2DE-4F17-96CB-9E7B4F4D829A}.Debug|Any CPU.Build.0 = Debug|Any CPU
		{793F9FC1-B2DE-4F17-96CB-9E7B4F4D829A}.Release|Any CPU.ActiveCfg = Release|Any CPU
		{793F9FC1-B2DE-4F17-96CB-9E7B4F4D829A}.Release|Any CPU.Build.0 = Release|Any CPU
		{825023C6-98A0-4768-968B-A9958C1A2B10}.Debug|Any CPU.ActiveCfg = Debug|Any CPU
		{825023C6-98A0-4768-968B-A9958C1A2B10}.Debug|Any CPU.Build.0 = Debug|Any CPU
		{825023C6-98A0-4768-968B-A9958C1A2B10}.Release|Any CPU.ActiveCfg = Release|Any CPU
		{825023C6-98A0-4768-968B-A9958C1A2B10}.Release|Any CPU.Build.0 = Release|Any CPU
		{A42E5990-407A-42BD-965D-321A6761AD67}.Debug|Any CPU.ActiveCfg = Debug|Any CPU
		{A42E5990-407A-42BD-965D-321A6761AD67}.Debug|Any CPU.Build.0 = Debug|Any CPU
		{A42E5990-407A-42BD-965D-321A6761AD67}.Release|Any CPU.ActiveCfg = Release|Any CPU
		{A42E5990-407A-42BD-965D-321A6761AD67}.Release|Any CPU.Build.0 = Release|Any CPU
		{AD937AE8-29FA-4932-BDF1-BC826253C715}.Debug|Any CPU.ActiveCfg = Debug|Any CPU
		{AD937AE8-29FA-4932-BDF1-BC826253C715}.Debug|Any CPU.Build.0 = Debug|Any CPU
		{AD937AE8-29FA-4932-BDF1-BC826253C715}.Release|Any CPU.ActiveCfg = Release|Any CPU
		{AD937AE8-29FA-4932-BDF1-BC826253C715}.Release|Any CPU.Build.0 = Release|Any CPU
		{D9E896C8-6BE1-4A9E-8D66-4037FDE6CCCC}.Debug|Any CPU.ActiveCfg = Debug|Any CPU
		{D9E896C8-6BE1-4A9E-8D66-4037FDE6CCCC}.Debug|Any CPU.Build.0 = Debug|Any CPU
		{D9E896C8-6BE1-4A9E-8D66-4037FDE6CCCC}.Release|Any CPU.ActiveCfg = Release|Any CPU
		{D9E896C8-6BE1-4A9E-8D66-4037FDE6CCCC}.Release|Any CPU.Build.0 = Release|Any CPU
		{7B7964E4-49BF-42CC-8644-5C3571A953E9}.Debug|Any CPU.ActiveCfg = Debug|Any CPU
		{7B7964E4-49BF-42CC-8644-5C3571A953E9}.Debug|Any CPU.Build.0 = Debug|Any CPU
		{7B7964E4-49BF-42CC-8644-5C3571A953E9}.Release|Any CPU.ActiveCfg = Release|Any CPU
		{7B7964E4-49BF-42CC-8644-5C3571A953E9}.Release|Any CPU.Build.0 = Release|Any CPU
		{454C37DD-3E70-4A1E-8798-D62A3F84F53F}.Debug|Any CPU.ActiveCfg = Debug|Any CPU
		{454C37DD-3E70-4A1E-8798-D62A3F84F53F}.Debug|Any CPU.Build.0 = Debug|Any CPU
		{454C37DD-3E70-4A1E-8798-D62A3F84F53F}.Release|Any CPU.ActiveCfg = Release|Any CPU
		{454C37DD-3E70-4A1E-8798-D62A3F84F53F}.Release|Any CPU.Build.0 = Release|Any CPU
		{C944A6F0-CE45-4E0B-A1DD-312E7260A1C6}.Debug|Any CPU.ActiveCfg = Debug|Any CPU
		{C944A6F0-CE45-4E0B-A1DD-312E7260A1C6}.Debug|Any CPU.Build.0 = Debug|Any CPU
		{C944A6F0-CE45-4E0B-A1DD-312E7260A1C6}.Release|Any CPU.ActiveCfg = Release|Any CPU
		{C944A6F0-CE45-4E0B-A1DD-312E7260A1C6}.Release|Any CPU.Build.0 = Release|Any CPU
		{32D0547B-70BC-499C-A7F0-151746E307E5}.Debug|Any CPU.ActiveCfg = Debug|Any CPU
		{32D0547B-70BC-499C-A7F0-151746E307E5}.Debug|Any CPU.Build.0 = Debug|Any CPU
		{32D0547B-70BC-499C-A7F0-151746E307E5}.Release|Any CPU.ActiveCfg = Release|Any CPU
		{32D0547B-70BC-499C-A7F0-151746E307E5}.Release|Any CPU.Build.0 = Release|Any CPU
		{A8AC50C1-C2B1-4A37-9565-58F6661591CC}.Debug|Any CPU.ActiveCfg = Debug|Any CPU
		{A8AC50C1-C2B1-4A37-9565-58F6661591CC}.Debug|Any CPU.Build.0 = Debug|Any CPU
		{A8AC50C1-C2B1-4A37-9565-58F6661591CC}.Release|Any CPU.ActiveCfg = Release|Any CPU
		{A8AC50C1-C2B1-4A37-9565-58F6661591CC}.Release|Any CPU.Build.0 = Release|Any CPU
		{115E1A60-ABF6-4576-9FD6-2BCFD27440B8}.Debug|Any CPU.ActiveCfg = Debug|Any CPU
		{115E1A60-ABF6-4576-9FD6-2BCFD27440B8}.Debug|Any CPU.Build.0 = Debug|Any CPU
		{115E1A60-ABF6-4576-9FD6-2BCFD27440B8}.Release|Any CPU.ActiveCfg = Release|Any CPU
		{115E1A60-ABF6-4576-9FD6-2BCFD27440B8}.Release|Any CPU.Build.0 = Release|Any CPU
		{1EF1351A-A333-41A7-939C-2654C2C386A5}.Debug|Any CPU.ActiveCfg = Debug|Any CPU
		{1EF1351A-A333-41A7-939C-2654C2C386A5}.Debug|Any CPU.Build.0 = Debug|Any CPU
		{1EF1351A-A333-41A7-939C-2654C2C386A5}.Release|Any CPU.ActiveCfg = Release|Any CPU
		{1EF1351A-A333-41A7-939C-2654C2C386A5}.Release|Any CPU.Build.0 = Release|Any CPU
		{A69BE100-4D1E-4CC8-BEE4-5D6B3DF8CABC}.Debug|Any CPU.ActiveCfg = Debug|Any CPU
		{A69BE100-4D1E-4CC8-BEE4-5D6B3DF8CABC}.Debug|Any CPU.Build.0 = Debug|Any CPU
		{A69BE100-4D1E-4CC8-BEE4-5D6B3DF8CABC}.Release|Any CPU.ActiveCfg = Release|Any CPU
		{A69BE100-4D1E-4CC8-BEE4-5D6B3DF8CABC}.Release|Any CPU.Build.0 = Release|Any CPU
		{F9A9F265-4B54-4299-9121-44A8CB5B6CE0}.Debug|Any CPU.ActiveCfg = Debug|Any CPU
		{F9A9F265-4B54-4299-9121-44A8CB5B6CE0}.Debug|Any CPU.Build.0 = Debug|Any CPU
		{F9A9F265-4B54-4299-9121-44A8CB5B6CE0}.Release|Any CPU.ActiveCfg = Release|Any CPU
		{F9A9F265-4B54-4299-9121-44A8CB5B6CE0}.Release|Any CPU.Build.0 = Release|Any CPU
		{1C844488-BBFB-4A9C-95B0-1762DE73DE07}.Debug|Any CPU.ActiveCfg = Debug|Any CPU
		{1C844488-BBFB-4A9C-95B0-1762DE73DE07}.Debug|Any CPU.Build.0 = Debug|Any CPU
		{1C844488-BBFB-4A9C-95B0-1762DE73DE07}.Release|Any CPU.ActiveCfg = Release|Any CPU
		{1C844488-BBFB-4A9C-95B0-1762DE73DE07}.Release|Any CPU.Build.0 = Release|Any CPU
		{292A7C14-4967-4311-A98F-55D58305C473}.Debug|Any CPU.ActiveCfg = Debug|Any CPU
		{292A7C14-4967-4311-A98F-55D58305C473}.Debug|Any CPU.Build.0 = Debug|Any CPU
		{292A7C14-4967-4311-A98F-55D58305C473}.Release|Any CPU.ActiveCfg = Release|Any CPU
		{292A7C14-4967-4311-A98F-55D58305C473}.Release|Any CPU.Build.0 = Release|Any CPU
		{14894D66-3C7F-4DDB-A7E0-C3A35F65D19A}.Debug|Any CPU.ActiveCfg = Debug|Any CPU
		{14894D66-3C7F-4DDB-A7E0-C3A35F65D19A}.Debug|Any CPU.Build.0 = Debug|Any CPU
		{14894D66-3C7F-4DDB-A7E0-C3A35F65D19A}.Release|Any CPU.ActiveCfg = Release|Any CPU
		{14894D66-3C7F-4DDB-A7E0-C3A35F65D19A}.Release|Any CPU.Build.0 = Release|Any CPU
		{E891CAF8-A96D-45BA-8946-158474856F34}.Debug|Any CPU.ActiveCfg = Debug|Any CPU
		{E891CAF8-A96D-45BA-8946-158474856F34}.Debug|Any CPU.Build.0 = Debug|Any CPU
		{E891CAF8-A96D-45BA-8946-158474856F34}.Release|Any CPU.ActiveCfg = Release|Any CPU
		{E891CAF8-A96D-45BA-8946-158474856F34}.Release|Any CPU.Build.0 = Release|Any CPU
		{99EF86FE-0574-4B6C-892D-F7072322900F}.Debug|Any CPU.ActiveCfg = Debug|Any CPU
		{99EF86FE-0574-4B6C-892D-F7072322900F}.Debug|Any CPU.Build.0 = Debug|Any CPU
		{99EF86FE-0574-4B6C-892D-F7072322900F}.Release|Any CPU.ActiveCfg = Release|Any CPU
		{99EF86FE-0574-4B6C-892D-F7072322900F}.Release|Any CPU.Build.0 = Release|Any CPU
		{8B18E792-3CB9-47F1-BE49-272903908EBB}.Debug|Any CPU.ActiveCfg = Debug|Any CPU
		{8B18E792-3CB9-47F1-BE49-272903908EBB}.Debug|Any CPU.Build.0 = Debug|Any CPU
		{8B18E792-3CB9-47F1-BE49-272903908EBB}.Release|Any CPU.ActiveCfg = Release|Any CPU
		{8B18E792-3CB9-47F1-BE49-272903908EBB}.Release|Any CPU.Build.0 = Release|Any CPU
		{C7BD75BC-7A1E-4709-A106-DAC90CB2B28E}.Debug|Any CPU.ActiveCfg = Debug|Any CPU
		{C7BD75BC-7A1E-4709-A106-DAC90CB2B28E}.Debug|Any CPU.Build.0 = Debug|Any CPU
		{C7BD75BC-7A1E-4709-A106-DAC90CB2B28E}.Release|Any CPU.ActiveCfg = Release|Any CPU
		{C7BD75BC-7A1E-4709-A106-DAC90CB2B28E}.Release|Any CPU.Build.0 = Release|Any CPU
		{76B1941F-D1EA-46A0-B49F-9B27C57A214C}.Debug|Any CPU.ActiveCfg = Debug|Any CPU
		{76B1941F-D1EA-46A0-B49F-9B27C57A214C}.Debug|Any CPU.Build.0 = Debug|Any CPU
		{76B1941F-D1EA-46A0-B49F-9B27C57A214C}.Release|Any CPU.ActiveCfg = Release|Any CPU
		{76B1941F-D1EA-46A0-B49F-9B27C57A214C}.Release|Any CPU.Build.0 = Release|Any CPU
		{41926CA7-8873-48EF-9179-053D43967EF0}.Debug|Any CPU.ActiveCfg = Debug|Any CPU
		{41926CA7-8873-48EF-9179-053D43967EF0}.Debug|Any CPU.Build.0 = Debug|Any CPU
		{41926CA7-8873-48EF-9179-053D43967EF0}.Release|Any CPU.ActiveCfg = Release|Any CPU
		{41926CA7-8873-48EF-9179-053D43967EF0}.Release|Any CPU.Build.0 = Release|Any CPU
		{0D896C9B-18F9-4D32-835E-E6B87B6E8436}.Debug|Any CPU.ActiveCfg = Debug|Any CPU
		{0D896C9B-18F9-4D32-835E-E6B87B6E8436}.Debug|Any CPU.Build.0 = Debug|Any CPU
		{0D896C9B-18F9-4D32-835E-E6B87B6E8436}.Release|Any CPU.ActiveCfg = Release|Any CPU
		{0D896C9B-18F9-4D32-835E-E6B87B6E8436}.Release|Any CPU.Build.0 = Release|Any CPU
		{AAB346D0-633D-44FE-8103-0C92E0DFCD0E}.Debug|Any CPU.ActiveCfg = Debug|Any CPU
		{AAB346D0-633D-44FE-8103-0C92E0DFCD0E}.Debug|Any CPU.Build.0 = Debug|Any CPU
		{AAB346D0-633D-44FE-8103-0C92E0DFCD0E}.Release|Any CPU.ActiveCfg = Release|Any CPU
		{AAB346D0-633D-44FE-8103-0C92E0DFCD0E}.Release|Any CPU.Build.0 = Release|Any CPU
		{C4DCFDB5-9486-47CC-A533-3301EC026A0D}.Debug|Any CPU.ActiveCfg = Debug|Any CPU
		{C4DCFDB5-9486-47CC-A533-3301EC026A0D}.Debug|Any CPU.Build.0 = Debug|Any CPU
		{C4DCFDB5-9486-47CC-A533-3301EC026A0D}.Release|Any CPU.ActiveCfg = Release|Any CPU
		{C4DCFDB5-9486-47CC-A533-3301EC026A0D}.Release|Any CPU.Build.0 = Release|Any CPU
		{DE6A1942-5A14-412D-B083-F54AF2748A4E}.Debug|Any CPU.ActiveCfg = Debug|Any CPU
		{DE6A1942-5A14-412D-B083-F54AF2748A4E}.Debug|Any CPU.Build.0 = Debug|Any CPU
		{DE6A1942-5A14-412D-B083-F54AF2748A4E}.Release|Any CPU.ActiveCfg = Release|Any CPU
		{DE6A1942-5A14-412D-B083-F54AF2748A4E}.Release|Any CPU.Build.0 = Release|Any CPU
		{F0061A17-4558-4931-8D04-46D2BB8608C6}.Debug|Any CPU.ActiveCfg = Debug|Any CPU
		{F0061A17-4558-4931-8D04-46D2BB8608C6}.Debug|Any CPU.Build.0 = Debug|Any CPU
		{F0061A17-4558-4931-8D04-46D2BB8608C6}.Release|Any CPU.ActiveCfg = Release|Any CPU
		{F0061A17-4558-4931-8D04-46D2BB8608C6}.Release|Any CPU.Build.0 = Release|Any CPU
		{27BD44A4-BEC7-4078-AD54-E71DD318A444}.Debug|Any CPU.ActiveCfg = Debug|Any CPU
		{27BD44A4-BEC7-4078-AD54-E71DD318A444}.Debug|Any CPU.Build.0 = Debug|Any CPU
		{27BD44A4-BEC7-4078-AD54-E71DD318A444}.Release|Any CPU.ActiveCfg = Release|Any CPU
		{27BD44A4-BEC7-4078-AD54-E71DD318A444}.Release|Any CPU.Build.0 = Release|Any CPU
		{E4A033B0-6371-4E65-BCBA-F1109F6819E1}.Debug|Any CPU.ActiveCfg = Debug|Any CPU
		{E4A033B0-6371-4E65-BCBA-F1109F6819E1}.Debug|Any CPU.Build.0 = Debug|Any CPU
		{E4A033B0-6371-4E65-BCBA-F1109F6819E1}.Release|Any CPU.ActiveCfg = Release|Any CPU
		{E4A033B0-6371-4E65-BCBA-F1109F6819E1}.Release|Any CPU.Build.0 = Release|Any CPU
		{027318C0-3985-430A-8FA1-BA8172A66E3B}.Debug|Any CPU.ActiveCfg = Debug|Any CPU
		{027318C0-3985-430A-8FA1-BA8172A66E3B}.Debug|Any CPU.Build.0 = Debug|Any CPU
		{027318C0-3985-430A-8FA1-BA8172A66E3B}.Release|Any CPU.ActiveCfg = Release|Any CPU
		{027318C0-3985-430A-8FA1-BA8172A66E3B}.Release|Any CPU.Build.0 = Release|Any CPU
	EndGlobalSection
	GlobalSection(SolutionProperties) = preSolution
		HideSolutionNode = FALSE
	EndGlobalSection
	GlobalSection(NestedProjects) = preSolution
		{73A67206-8C64-466F-A75A-2DC69895BA38} = {3138714E-A80D-46DA-A7D9-ABDCCD6EEEB1}
		{0A2BF909-0D16-415F-A56C-4A46031356DF} = {3138714E-A80D-46DA-A7D9-ABDCCD6EEEB1}
		{516B1022-18F4-4843-952C-D76E0E47B292} = {3138714E-A80D-46DA-A7D9-ABDCCD6EEEB1}
		{94A3251F-1FCC-4DBE-B843-25FED0E06BEF} = {3138714E-A80D-46DA-A7D9-ABDCCD6EEEB1}
		{DFA4F169-62C0-46EC-9F95-6D2F0F97A6DF} = {1C89E7D4-B04C-49BF-98A6-34029E9EAD66}
		{C1C416C1-A494-4604-908B-102E5888B46B} = {3138714E-A80D-46DA-A7D9-ABDCCD6EEEB1}
		{58ED8BCD-78EA-4A98-8996-EB2A9625D4CA} = {3138714E-A80D-46DA-A7D9-ABDCCD6EEEB1}
		{09292D50-C51D-4772-A65F-9DA080448625} = {58ED8BCD-78EA-4A98-8996-EB2A9625D4CA}
		{508FEFF0-0BE4-4DB3-BF9B-3FF12AB7DC2A} = {58ED8BCD-78EA-4A98-8996-EB2A9625D4CA}
		{54362454-0D98-4979-9AD5-405C5B04FC4C} = {58ED8BCD-78EA-4A98-8996-EB2A9625D4CA}
		{DA7D9A85-EC00-498F-A041-AAC27535D675} = {58ED8BCD-78EA-4A98-8996-EB2A9625D4CA}
		{00F10904-D17A-48C9-994B-D7B4618CAD2A} = {58ED8BCD-78EA-4A98-8996-EB2A9625D4CA}
		{972A7322-1FEC-4445-9361-0B2AB73011D6} = {58ED8BCD-78EA-4A98-8996-EB2A9625D4CA}
		{06DFE07A-096E-41F4-802C-A92ADC71D1F0} = {C1C416C1-A494-4604-908B-102E5888B46B}
		{5561FF1F-E97A-448D-8A4B-3EC8FBD29C70} = {C1C416C1-A494-4604-908B-102E5888B46B}
		{B533CAEA-76D0-4674-A1D9-CEEB85B78B53} = {C1C416C1-A494-4604-908B-102E5888B46B}
		{1983FD2F-6598-4E75-8C0C-2045A9591BE7} = {58ED8BCD-78EA-4A98-8996-EB2A9625D4CA}
		{25FB00A4-92C7-4397-B7DF-0CBEA404B8DD} = {3138714E-A80D-46DA-A7D9-ABDCCD6EEEB1}
		{4960D198-9CAA-4755-A680-C8CAF0FD53E9} = {25FB00A4-92C7-4397-B7DF-0CBEA404B8DD}
		{13C3D1A6-8DE9-4701-A23F-3DA9D065B281} = {25FB00A4-92C7-4397-B7DF-0CBEA404B8DD}
		{FD1108F7-0DB6-4D4E-A0FF-A991F660489E} = {58ED8BCD-78EA-4A98-8996-EB2A9625D4CA}
		{09304049-8D29-4F5A-B66E-22E0088E3009} = {25FB00A4-92C7-4397-B7DF-0CBEA404B8DD}
		{950AA71D-FF86-4B06-A0F6-0AEEF0DB58AB} = {25FB00A4-92C7-4397-B7DF-0CBEA404B8DD}
		{0F1683B4-6BE9-4E3D-8DD3-A423054C0C77} = {25FB00A4-92C7-4397-B7DF-0CBEA404B8DD}
		{B38EFEE5-AC56-44BE-AAEE-D830F1380161} = {25FB00A4-92C7-4397-B7DF-0CBEA404B8DD}
		{F4B2D2AF-D069-4438-B006-6FA5F184E22E} = {25FB00A4-92C7-4397-B7DF-0CBEA404B8DD}
		{1C89E7D4-B04C-49BF-98A6-34029E9EAD66} = {3138714E-A80D-46DA-A7D9-ABDCCD6EEEB1}
		{54A069BA-41C9-40A9-8246-98C072A281D5} = {3138714E-A80D-46DA-A7D9-ABDCCD6EEEB1}
		{6388A3BA-C79F-403E-9F44-D17C260FB8B2} = {54A069BA-41C9-40A9-8246-98C072A281D5}
		{37502EE6-AE37-47C5-BEBA-E36FC3B308B9} = {54A069BA-41C9-40A9-8246-98C072A281D5}
		{5F2AF42A-7665-4675-9100-417F5F4B3D00} = {54A069BA-41C9-40A9-8246-98C072A281D5}
		{489E8A59-9079-42AD-854D-DF9B1EE4D4C6} = {54A069BA-41C9-40A9-8246-98C072A281D5}
		{793F9FC1-B2DE-4F17-96CB-9E7B4F4D829A} = {54A069BA-41C9-40A9-8246-98C072A281D5}
		{825023C6-98A0-4768-968B-A9958C1A2B10} = {54A069BA-41C9-40A9-8246-98C072A281D5}
		{A42E5990-407A-42BD-965D-321A6761AD67} = {54A069BA-41C9-40A9-8246-98C072A281D5}
		{AD937AE8-29FA-4932-BDF1-BC826253C715} = {54A069BA-41C9-40A9-8246-98C072A281D5}
		{D9E896C8-6BE1-4A9E-8D66-4037FDE6CCCC} = {AE81F7ED-540E-449B-8546-B4AC4453F330}
		{AE81F7ED-540E-449B-8546-B4AC4453F330} = {3138714E-A80D-46DA-A7D9-ABDCCD6EEEB1}
		{7B7964E4-49BF-42CC-8644-5C3571A953E9} = {AE81F7ED-540E-449B-8546-B4AC4453F330}
		{454C37DD-3E70-4A1E-8798-D62A3F84F53F} = {AE81F7ED-540E-449B-8546-B4AC4453F330}
		{C944A6F0-CE45-4E0B-A1DD-312E7260A1C6} = {AE81F7ED-540E-449B-8546-B4AC4453F330}
		{32D0547B-70BC-499C-A7F0-151746E307E5} = {AE81F7ED-540E-449B-8546-B4AC4453F330}
		{A8AC50C1-C2B1-4A37-9565-58F6661591CC} = {AE81F7ED-540E-449B-8546-B4AC4453F330}
		{115E1A60-ABF6-4576-9FD6-2BCFD27440B8} = {AE81F7ED-540E-449B-8546-B4AC4453F330}
		{1EF1351A-A333-41A7-939C-2654C2C386A5} = {AE81F7ED-540E-449B-8546-B4AC4453F330}
		{A69BE100-4D1E-4CC8-BEE4-5D6B3DF8CABC} = {AE81F7ED-540E-449B-8546-B4AC4453F330}
		{F9A9F265-4B54-4299-9121-44A8CB5B6CE0} = {AE81F7ED-540E-449B-8546-B4AC4453F330}
		{F5947850-8032-435B-99F6-7301FD8CC151} = {3138714E-A80D-46DA-A7D9-ABDCCD6EEEB1}
		{1C844488-BBFB-4A9C-95B0-1762DE73DE07} = {F5947850-8032-435B-99F6-7301FD8CC151}
		{292A7C14-4967-4311-A98F-55D58305C473} = {F5947850-8032-435B-99F6-7301FD8CC151}
		{14894D66-3C7F-4DDB-A7E0-C3A35F65D19A} = {F5947850-8032-435B-99F6-7301FD8CC151}
		{E891CAF8-A96D-45BA-8946-158474856F34} = {F5947850-8032-435B-99F6-7301FD8CC151}
		{99EF86FE-0574-4B6C-892D-F7072322900F} = {F5947850-8032-435B-99F6-7301FD8CC151}
		{8B18E792-3CB9-47F1-BE49-272903908EBB} = {F5947850-8032-435B-99F6-7301FD8CC151}
		{C7BD75BC-7A1E-4709-A106-DAC90CB2B28E} = {F5947850-8032-435B-99F6-7301FD8CC151}
		{59B73246-679C-40C8-81B2-7F340BEE2EE1} = {3138714E-A80D-46DA-A7D9-ABDCCD6EEEB1}
		{76B1941F-D1EA-46A0-B49F-9B27C57A214C} = {59B73246-679C-40C8-81B2-7F340BEE2EE1}
		{41926CA7-8873-48EF-9179-053D43967EF0} = {59B73246-679C-40C8-81B2-7F340BEE2EE1}
		{0D896C9B-18F9-4D32-835E-E6B87B6E8436} = {59B73246-679C-40C8-81B2-7F340BEE2EE1}
		{AAB346D0-633D-44FE-8103-0C92E0DFCD0E} = {59B73246-679C-40C8-81B2-7F340BEE2EE1}
		{C4DCFDB5-9486-47CC-A533-3301EC026A0D} = {59B73246-679C-40C8-81B2-7F340BEE2EE1}
		{DE6A1942-5A14-412D-B083-F54AF2748A4E} = {59B73246-679C-40C8-81B2-7F340BEE2EE1}
		{F0061A17-4558-4931-8D04-46D2BB8608C6} = {59B73246-679C-40C8-81B2-7F340BEE2EE1}
		{515FBBEB-AB13-4870-8BC7-DB1B7F9C6B09} = {3138714E-A80D-46DA-A7D9-ABDCCD6EEEB1}
		{27BD44A4-BEC7-4078-AD54-E71DD318A444} = {515FBBEB-AB13-4870-8BC7-DB1B7F9C6B09}
		{E4A033B0-6371-4E65-BCBA-F1109F6819E1} = {515FBBEB-AB13-4870-8BC7-DB1B7F9C6B09}
		{027318C0-3985-430A-8FA1-BA8172A66E3B} = {515FBBEB-AB13-4870-8BC7-DB1B7F9C6B09}
	EndGlobalSection
	GlobalSection(ExtensibilityGlobals) = postSolution
		SolutionGuid = {57D7ADEE-5083-492B-B670-21FB91070F8F}
	EndGlobalSection
EndGlobal
